
Microsoft Visual Studio Solution File, Format Version 12.00
# Visual Studio Version 16
VisualStudioVersion = 16.0.31424.327
MinimumVisualStudioVersion = 10.0.40219.1
Project("{FAE04EC0-301F-11D3-BF4B-00C04F79EFBC}") = "Gerenciar arquivo CSV", "Gerenciar arquivo CSV.csproj", "{EC5C824B-7CD3-48E4-A1D4-83C0860FAF18}"
EndProject
Global
	GlobalSection(SolutionConfigurationPlatforms) = preSolution
		Debug|Any CPU = Debug|Any CPU
		Release|Any CPU = Release|Any CPU
	EndGlobalSection
	GlobalSection(ProjectConfigurationPlatforms) = postSolution
		{EC5C824B-7CD3-48E4-A1D4-83C0860FAF18}.Debug|Any CPU.ActiveCfg = Debug|Any CPU
		{EC5C824B-7CD3-48E4-A1D4-83C0860FAF18}.Debug|Any CPU.Build.0 = Debug|Any CPU
		{EC5C824B-7CD3-48E4-A1D4-83C0860FAF18}.Release|Any CPU.ActiveCfg = Release|Any CPU
		{EC5C824B-7CD3-48E4-A1D4-83C0860FAF18}.Release|Any CPU.Build.0 = Release|Any CPU
	EndGlobalSection
	GlobalSection(SolutionProperties) = preSolution
		HideSolutionNode = FALSE
	EndGlobalSection
	GlobalSection(ExtensibilityGlobals) = postSolution
		SolutionGuid = {BFB0AA3A-505F-4A3F-BC77-9D53DFD4E5C1}
	EndGlobalSection
EndGlobal
